
Microsoft Visual Studio Solution File, Format Version 12.00
# Visual Studio Version 16
VisualStudioVersion = 16.0.31205.134
MinimumVisualStudioVersion = 10.0.40219.1
Project("{9A19103F-16F7-4668-BE54-9A1E7A4F7556}") = "WebApi", "WebApi.csproj", "{8E5F84E8-7891-4CB5-ADA6-28345ACCE46F}"
EndProject
Project("{9A19103F-16F7-4668-BE54-9A1E7A4F7556}") = "xUnitTest", "..\xUnitTest\xUnitTest.csproj", "{64333E10-AE2A-413C-B717-80943A72C57C}"
EndProject
Global
	GlobalSection(SolutionConfigurationPlatforms) = preSolution
		Debug|Any CPU = Debug|Any CPU
		Release|Any CPU = Release|Any CPU
	EndGlobalSection
	GlobalSection(ProjectConfigurationPlatforms) = postSolution
		{8E5F84E8-7891-4CB5-ADA6-28345ACCE46F}.Debug|Any CPU.ActiveCfg = Debug|Any CPU
		{8E5F84E8-7891-4CB5-ADA6-28345ACCE46F}.Debug|Any CPU.Build.0 = Debug|Any CPU
		{8E5F84E8-7891-4CB5-ADA6-28345ACCE46F}.Release|Any CPU.ActiveCfg = Release|Any CPU
		{8E5F84E8-7891-4CB5-ADA6-28345ACCE46F}.Release|Any CPU.Build.0 = Release|Any CPU
		{64333E10-AE2A-413C-B717-80943A72C57C}.Debug|Any CPU.ActiveCfg = Debug|Any CPU
		{64333E10-AE2A-413C-B717-80943A72C57C}.Debug|Any CPU.Build.0 = Debug|Any CPU
		{64333E10-AE2A-413C-B717-80943A72C57C}.Release|Any CPU.ActiveCfg = Release|Any CPU
		{64333E10-AE2A-413C-B717-80943A72C57C}.Release|Any CPU.Build.0 = Release|Any CPU
	EndGlobalSection
	GlobalSection(SolutionProperties) = preSolution
		HideSolutionNode = FALSE
	EndGlobalSection
	GlobalSection(ExtensibilityGlobals) = postSolution
		SolutionGuid = {5361B813-BD8E-4242-A8B6-BB0DC94FD838}
	EndGlobalSection
EndGlobal
